numpy==1.15.2
scikit-image==0.14.0
Pillow==5.2.0
torch==0.4.1
torchvision==0.2.1
## The following requirements were added by pip freeze:
cloudpickle==1.4.1
cycler==0.10.0
dask==2.16.0
decorator==4.4.2
kiwisolver==1.2.0
matplotlib==3.2.1
networkx==2.4
pyparsing==2.4.7
python-dateutil==2.8.1
PyWavelets==1.1.1
scipy==1.4.1
six==1.14.0
toolz==0.10.0
